
Microsoft Visual Studio Solution File, Format Version 12.00
# Visual Studio 15
VisualStudioVersion = 15.0.28307.902
MinimumVisualStudioVersion = 10.0.40219.1
Project("{8BC9CEB8-8B4A-11D0-8D11-00A0C91BC942}") = "OpenGL", "OpenGL\OpenGL.vcxproj", "{D1352C77-4C42-4DBB-98AD-190A8AC9438E}"
EndProject
Global
	GlobalSection(SolutionConfigurationPlatforms) = preSolution
		Debug|x64 = Debug|x64
		Debug|x86 = Debug|x86
		Release|x64 = Release|x64
		Release|x86 = Release|x86
	EndGlobalSection
	GlobalSection(ProjectConfigurationPlatforms) = postSolution
		{D1352C77-4C42-4DBB-98AD-190A8AC9438E}.Debug|x64.ActiveCfg = Debug|x64
		{D1352C77-4C42-4DBB-98AD-190A8AC9438E}.Debug|x64.Build.0 = Debug|x64
		{D1352C77-4C42-4DBB-98AD-190A8AC9438E}.Debug|x86.ActiveCfg = Debug|Win32
		{D1352C77-4C42-4DBB-98AD-190A8AC9438E}.Debug|x86.Build.0 = Debug|Win32
		{D1352C77-4C42-4DBB-98AD-190A8AC9438E}.Release|x64.ActiveCfg = Release|x64
		{D1352C77-4C42-4DBB-98AD-190A8AC9438E}.Release|x64.Build.0 = Release|x64
		{D1352C77-4C42-4DBB-98AD-190A8AC9438E}.Release|x86.ActiveCfg = Release|Win32
		{D1352C77-4C42-4DBB-98AD-190A8AC9438E}.Release|x86.Build.0 = Release|Win32
	EndGlobalSection
	GlobalSection(SolutionProperties) = preSolution
		HideSolutionNode = FALSE
	EndGlobalSection
	GlobalSection(ExtensibilityGlobals) = postSolution
		SolutionGuid = {87BE1582-2773-40B3-B3EE-C7B497BA1FDC}
	EndGlobalSection
EndGlobal
